// !$*UTF8*$!
{
	archiveVersion = 1;
	classes = {
	};
	objectVersion = 50;
	objects = {

/* Begin PBXBuildFile section */
		700C29E75DBB58ED027BF714 /* FloatArrayConvertible.swift in Sources */ = {isa = PBXBuildFile; fileRef = 700C209A18758BE953BAF319 /* FloatArrayConvertible.swift */; };
		F508D64322B1745C00F80BFA /* clacon.ttf in CopyFiles */ = {isa = PBXBuildFile; fileRef = F508D63E22B1717C00F80BFA /* clacon.ttf */; };
		F508D64422B1754300F80BFA /* clacon.ttf in Resources */ = {isa = PBXBuildFile; fileRef = F508D63E22B1717C00F80BFA /* clacon.ttf */; };
		F5378DC922ABCB740003983E /* Primitives.swift in Sources */ = {isa = PBXBuildFile; fileRef = F5378DC822ABCB740003983E /* Primitives.swift */; };
		F5378DCD22ABEC970003983E /* Matrix.swift in Sources */ = {isa = PBXBuildFile; fileRef = F5378DCC22ABEC970003983E /* Matrix.swift */; };
		F5378DCF22ABFAFB0003983E /* MTLRenderer.swift in Sources */ = {isa = PBXBuildFile; fileRef = F5378DCE22ABFAFB0003983E /* MTLRenderer.swift */; };
		F5378DD122ABFF650003983E /* MTLDrawable2D.swift in Sources */ = {isa = PBXBuildFile; fileRef = F5378DD022ABFF650003983E /* MTLDrawable2D.swift */; };
		F5378DD422AC112B0003983E /* DefaultUniformBuffer.swift in Sources */ = {isa = PBXBuildFile; fileRef = F5378DD322AC112B0003983E /* DefaultUniformBuffer.swift */; };
		F5378DD722AC1A8D0003983E /* MainView.swift in Sources */ = {isa = PBXBuildFile; fileRef = F5378DD622AC1A8D0003983E /* MainView.swift */; };
		F53A338422AAF9C1009CB02B /* Vertex.swift in Sources */ = {isa = PBXBuildFile; fileRef = F53A338322AAF9C1009CB02B /* Vertex.swift */; };
		F53A338622AB00E1009CB02B /* Drawable2D.swift in Sources */ = {isa = PBXBuildFile; fileRef = F53A338522AB00E1009CB02B /* Drawable2D.swift */; };
		F548D89522A920D80042A134 /* AppDelegate.swift in Sources */ = {isa = PBXBuildFile; fileRef = F548D89422A920D80042A134 /* AppDelegate.swift */; };
		F548D89922A920D90042A134 /* Assets.xcassets in Resources */ = {isa = PBXBuildFile; fileRef = F548D89822A920D90042A134 /* Assets.xcassets */; };
		F548D89C22A920D90042A134 /* Main.storyboard in Resources */ = {isa = PBXBuildFile; fileRef = F548D89A22A920D90042A134 /* Main.storyboard */; };
		F548D8A522A924D30042A134 /* MainViewController.swift in Sources */ = {isa = PBXBuildFile; fileRef = F548D8A422A924D30042A134 /* MainViewController.swift */; };
		F55670F122C12FF900075325 /* ring.aiff in Resources */ = {isa = PBXBuildFile; fileRef = F55670EF22C12FF900075325 /* ring.aiff */; };
		F55670F222C12FF900075325 /* hit.aiff in Resources */ = {isa = PBXBuildFile; fileRef = F55670F022C12FF900075325 /* hit.aiff */; };
		F55D97DA22BA939F00630B43 /* EndGameViewController.swift in Sources */ = {isa = PBXBuildFile; fileRef = F55D97D922BA939F00630B43 /* EndGameViewController.swift */; };
		F58614B122A956EE0044B067 /* SizeOf.swift in Sources */ = {isa = PBXBuildFile; fileRef = F58614B022A956EE0044B067 /* SizeOf.swift */; };
		F58614B422A95FCF0044B067 /* default_shaders.metal in Sources */ = {isa = PBXBuildFile; fileRef = F58614B322A95FCF0044B067 /* default_shaders.metal */; };
		F5D5598822B7E67300AD54F8 /* TutorialViewController.swift in Sources */ = {isa = PBXBuildFile; fileRef = F5D5598722B7E67300AD54F8 /* TutorialViewController.swift */; };
/* End PBXBuildFile section */

/* Begin PBXCopyFilesBuildPhase section */
		F508D64222B1745000F80BFA /* CopyFiles */ = {
			isa = PBXCopyFilesBuildPhase;
			buildActionMask = 2147483647;
			dstPath = Fonts;
			dstSubfolderSpec = 7;
			files = (
				F508D64322B1745C00F80BFA /* clacon.ttf in CopyFiles */,
			);
			runOnlyForDeploymentPostprocessing = 0;
		};
/* End PBXCopyFilesBuildPhase section */

/* Begin PBXFileReference section */
		700C209A18758BE953BAF319 /* FloatArrayConvertible.swift */ = {isa = PBXFileReference; fileEncoding = 4; lastKnownFileType = sourcecode.swift; path = FloatArrayConvertible.swift; sourceTree = "<group>"; };
		F508D63E22B1717C00F80BFA /* clacon.ttf */ = {isa = PBXFileReference; lastKnownFileType = file; path = clacon.ttf; sourceTree = "<group>"; };
		F5378DC822ABCB740003983E /* Primitives.swift */ = {isa = PBXFileReference; lastKnownFileType = sourcecode.swift; path = Primitives.swift; sourceTree = "<group>"; };
		F5378DCC22ABEC970003983E /* Matrix.swift */ = {isa = PBXFileReference; lastKnownFileType = sourcecode.swift; path = Matrix.swift; sourceTree = "<group>"; };
		F5378DCE22ABFAFB0003983E /* MTLRenderer.swift */ = {isa = PBXFileReference; lastKnownFileType = sourcecode.swift; path = MTLRenderer.swift; sourceTree = "<group>"; };
		F5378DD022ABFF650003983E /* MTLDrawable2D.swift */ = {isa = PBXFileReference; lastKnownFileType = sourcecode.swift; path = MTLDrawable2D.swift; sourceTree = "<group>"; };
		F5378DD322AC112B0003983E /* DefaultUniformBuffer.swift */ = {isa = PBXFileReference; lastKnownFileType = sourcecode.swift; path = DefaultUniformBuffer.swift; sourceTree = "<group>"; };
		F5378DD622AC1A8D0003983E /* MainView.swift */ = {isa = PBXFileReference; lastKnownFileType = sourcecode.swift; path = MainView.swift; sourceTree = "<group>"; };
		F53A338322AAF9C1009CB02B /* Vertex.swift */ = {isa = PBXFileReference; lastKnownFileType = sourcecode.swift; path = Vertex.swift; sourceTree = "<group>"; };
		F53A338522AB00E1009CB02B /* Drawable2D.swift */ = {isa = PBXFileReference; lastKnownFileType = sourcecode.swift; path = Drawable2D.swift; sourceTree = "<group>"; };
		F548D89122A920D80042A134 /* Gamedesign game.app */ = {isa = PBXFileReference; explicitFileType = wrapper.application; includeInIndex = 0; path = "Gamedesign game.app"; sourceTree = BUILT_PRODUCTS_DIR; };
		F548D89422A920D80042A134 /* AppDelegate.swift */ = {isa = PBXFileReference; lastKnownFileType = sourcecode.swift; path = AppDelegate.swift; sourceTree = "<group>"; };
		F548D89822A920D90042A134 /* Assets.xcassets */ = {isa = PBXFileReference; lastKnownFileType = folder.assetcatalog; path = Assets.xcassets; sourceTree = "<group>"; };
		F548D89B22A920D90042A134 /* Base */ = {isa = PBXFileReference; lastKnownFileType = file.storyboard; name = Base; path = Base.lproj/Main.storyboard; sourceTree = "<group>"; };
		F548D89D22A920D90042A134 /* Info.plist */ = {isa = PBXFileReference; lastKnownFileType = text.plist.xml; path = Info.plist; sourceTree = "<group>"; };
		F548D89E22A920D90042A134 /* Gamedesign_game.entitlements */ = {isa = PBXFileReference; lastKnownFileType = text.plist.entitlements; path = Gamedesign_game.entitlements; sourceTree = "<group>"; };
		F548D8A422A924D30042A134 /* MainViewController.swift */ = {isa = PBXFileReference; lastKnownFileType = sourcecode.swift; path = MainViewController.swift; sourceTree = "<group>"; };
		F55670EF22C12FF900075325 /* ring.aiff */ = {isa = PBXFileReference; lastKnownFileType = audio.aiff; path = ring.aiff; sourceTree = "<group>"; };
		F55670F022C12FF900075325 /* hit.aiff */ = {isa = PBXFileReference; lastKnownFileType = audio.aiff; path = hit.aiff; sourceTree = "<group>"; };
		F55D97D922BA939F00630B43 /* EndGameViewController.swift */ = {isa = PBXFileReference; lastKnownFileType = sourcecode.swift; path = EndGameViewController.swift; sourceTree = "<group>"; };
		F58614B022A956EE0044B067 /* SizeOf.swift */ = {isa = PBXFileReference; lastKnownFileType = sourcecode.swift; path = SizeOf.swift; sourceTree = "<group>"; };
		F58614B322A95FCF0044B067 /* default_shaders.metal */ = {isa = PBXFileReference; lastKnownFileType = sourcecode.metal; path = default_shaders.metal; sourceTree = "<group>"; };
		F5D5598722B7E67300AD54F8 /* TutorialViewController.swift */ = {isa = PBXFileReference; lastKnownFileType = sourcecode.swift; path = TutorialViewController.swift; sourceTree = "<group>"; };
/* End PBXFileReference section */

/* Begin PBXFrameworksBuildPhase section */
		F548D88E22A920D80042A134 /* Frameworks */ = {
			isa = PBXFrameworksBuildPhase;
			buildActionMask = 2147483647;
			files = (
			);
			runOnlyForDeploymentPostprocessing = 0;
		};
/* End PBXFrameworksBuildPhase section */

/* Begin PBXGroup section */
		F508D64022B172D700F80BFA /* Fonts */ = {
			isa = PBXGroup;
			children = (
				F508D63E22B1717C00F80BFA /* clacon.ttf */,
			);
			path = Fonts;
			sourceTree = "<group>";
		};
		F5378DD222AC10FC0003983E /* MTL */ = {
			isa = PBXGroup;
			children = (
				F5378DCE22ABFAFB0003983E /* MTLRenderer.swift */,
				F5378DD022ABFF650003983E /* MTLDrawable2D.swift */,
			);
			path = MTL;
			sourceTree = "<group>";
		};
		F5378DD522AC1A6C0003983E /* ViewControllers and Views */ = {
			isa = PBXGroup;
			children = (
				F548D8A422A924D30042A134 /* MainViewController.swift */,
				F5378DD622AC1A8D0003983E /* MainView.swift */,
				F5D5598722B7E67300AD54F8 /* TutorialViewController.swift */,
				F55D97D922BA939F00630B43 /* EndGameViewController.swift */,
			);
			path = "ViewControllers and Views";
			sourceTree = "<group>";
		};
		F548D88822A920D80042A134 = {
			isa = PBXGroup;
			children = (
				F548D89322A920D80042A134 /* Gamedesign game */,
				F548D89222A920D80042A134 /* Products */,
			);
			sourceTree = "<group>";
		};
		F548D89222A920D80042A134 /* Products */ = {
			isa = PBXGroup;
			children = (
				F548D89122A920D80042A134 /* Gamedesign game.app */,
			);
			name = Products;
			sourceTree = "<group>";
		};
		F548D89322A920D80042A134 /* Gamedesign game */ = {
			isa = PBXGroup;
			children = (
				F508D64022B172D700F80BFA /* Fonts */,
				F58614B222A95FB40044B067 /* Shaders */,
				F58614A722A952440044B067 /* Storyboards */,
				F5378DD522AC1A6C0003983E /* ViewControllers and Views */,
				F58614A622A9522A0044B067 /* Source */,
				F548D89822A920D90042A134 /* Assets.xcassets */,
				F548D89D22A920D90042A134 /* Info.plist */,
				F548D89E22A920D90042A134 /* Gamedesign_game.entitlements */,
				F55670F022C12FF900075325 /* hit.aiff */,
				F55670EF22C12FF900075325 /* ring.aiff */,
			);
			path = "Gamedesign game";
			sourceTree = "<group>";
		};
		F58614A622A9522A0044B067 /* Source */ = {
			isa = PBXGroup;
			children = (
				F5378DD222AC10FC0003983E /* MTL */,
				F58614AF22A956DD0044B067 /* Utilities */,
				F58614AA22A953130044B067 /* Drawables */,
				F548D89422A920D80042A134 /* AppDelegate.swift */,
			);
			path = Source;
			sourceTree = "<group>";
		};
		F58614A722A952440044B067 /* Storyboards */ = {
			isa = PBXGroup;
			children = (
				F548D89A22A920D90042A134 /* Main.storyboard */,
			);
			path = Storyboards;
			sourceTree = "<group>";
		};
		F58614AA22A953130044B067 /* Drawables */ = {
			isa = PBXGroup;
			children = (
				F53A338522AB00E1009CB02B /* Drawable2D.swift */,
				F5378DC822ABCB740003983E /* Primitives.swift */,
			);
			path = Drawables;
			sourceTree = "<group>";
		};
		F58614AF22A956DD0044B067 /* Utilities */ = {
			isa = PBXGroup;
			children = (
				F53A338322AAF9C1009CB02B /* Vertex.swift */,
				F58614B022A956EE0044B067 /* SizeOf.swift */,
				F5378DCC22ABEC970003983E /* Matrix.swift */,
				F5378DD322AC112B0003983E /* DefaultUniformBuffer.swift */,
				700C209A18758BE953BAF319 /* FloatArrayConvertible.swift */,
			);
			path = Utilities;
			sourceTree = "<group>";
		};
		F58614B222A95FB40044B067 /* Shaders */ = {
			isa = PBXGroup;
			children = (
				F58614B322A95FCF0044B067 /* default_shaders.metal */,
			);
			path = Shaders;
			sourceTree = "<group>";
		};
/* End PBXGroup section */

/* Begin PBXNativeTarget section */
		F548D89022A920D80042A134 /* Gamedesign game */ = {
			isa = PBXNativeTarget;
			buildConfigurationList = F548D8A122A920D90042A134 /* Build configuration list for PBXNativeTarget "Gamedesign game" */;
			buildPhases = (
				F548D88D22A920D80042A134 /* Sources */,
				F548D88E22A920D80042A134 /* Frameworks */,
				F548D88F22A920D80042A134 /* Resources */,
				F508D64222B1745000F80BFA /* CopyFiles */,
			);
			buildRules = (
			);
			dependencies = (
			);
			name = "Gamedesign game";
			productName = "Gamedesign game";
			productReference = F548D89122A920D80042A134 /* Gamedesign game.app */;
			productType = "com.apple.product-type.application";
		};
/* End PBXNativeTarget section */

/* Begin PBXProject section */
		F548D88922A920D80042A134 /* Project object */ = {
			isa = PBXProject;
			attributes = {
				LastSwiftUpdateCheck = 1020;
				LastUpgradeCheck = 1020;
				ORGANIZATIONNAME = "Hindrik Stegenga";
				TargetAttributes = {
					F548D89022A920D80042A134 = {
						CreatedOnToolsVersion = 10.2.1;
					};
				};
			};
			buildConfigurationList = F548D88C22A920D80042A134 /* Build configuration list for PBXProject "Gamedesign game" */;
			compatibilityVersion = "Xcode 9.3";
			developmentRegion = en;
			hasScannedForEncodings = 0;
			knownRegions = (
				en,
				Base,
			);
			mainGroup = F548D88822A920D80042A134;
			productRefGroup = F548D89222A920D80042A134 /* Products */;
			projectDirPath = "";
			projectRoot = "";
			targets = (
				F548D89022A920D80042A134 /* Gamedesign game */,
			);
		};
/* End PBXProject section */

/* Begin PBXResourcesBuildPhase section */
		F548D88F22A920D80042A134 /* Resources */ = {
			isa = PBXResourcesBuildPhase;
			buildActionMask = 2147483647;
			files = (
				F508D64422B1754300F80BFA /* clacon.ttf in Resources */,
				F55670F122C12FF900075325 /* ring.aiff in Resources */,
				F55670F222C12FF900075325 /* hit.aiff in Resources */,
				F548D89922A920D90042A134 /* Assets.xcassets in Resources */,
				F548D89C22A920D90042A134 /* Main.storyboard in Resources */,
			);
			runOnlyForDeploymentPostprocessing = 0;
		};
/* End PBXResourcesBuildPhase section */

/* Begin PBXSourcesBuildPhase section */
		F548D88D22A920D80042A134 /* Sources */ = {
			isa = PBXSourcesBuildPhase;
			buildActionMask = 2147483647;
			files = (
				F5D5598822B7E67300AD54F8 /* TutorialViewController.swift in Sources */,
				F5378DD122ABFF650003983E /* MTLDrawable2D.swift in Sources */,
				F55D97DA22BA939F00630B43 /* EndGameViewController.swift in Sources */,
				F5378DD722AC1A8D0003983E /* MainView.swift in Sources */,
				F548D8A522A924D30042A134 /* MainViewController.swift in Sources */,
				F53A338422AAF9C1009CB02B /* Vertex.swift in Sources */,
				F58614B422A95FCF0044B067 /* default_shaders.metal in Sources */,
				F5378DD422AC112B0003983E /* DefaultUniformBuffer.swift in Sources */,
				F548D89522A920D80042A134 /* AppDelegate.swift in Sources */,
				F5378DCF22ABFAFB0003983E /* MTLRenderer.swift in Sources */,
				F5378DCD22ABEC970003983E /* Matrix.swift in Sources */,
				F58614B122A956EE0044B067 /* SizeOf.swift in Sources */,
				F53A338622AB00E1009CB02B /* Drawable2D.swift in Sources */,
				F5378DC922ABCB740003983E /* Primitives.swift in Sources */,
				700C29E75DBB58ED027BF714 /* FloatArrayConvertible.swift in Sources */,
			);
			runOnlyForDeploymentPostprocessing = 0;
		};
/* End PBXSourcesBuildPhase section */

/* Begin PBXVariantGroup section */
		F548D89A22A920D90042A134 /* Main.storyboard */ = {
			isa = PBXVariantGroup;
			children = (
				F548D89B22A920D90042A134 /* Base */,
			);
			name = Main.storyboard;
			sourceTree = "<group>";
		};
/* End PBXVariantGroup section */

/* Begin XCBuildConfiguration section */
		F548D89F22A920D90042A134 /* Debug */ = {
			isa = XCBuildConfiguration;
			buildSettings = {
				ALWAYS_SEARCH_USER_PATHS = NO;
				CLANG_ANALYZER_NONNULL = YES;
				CLANG_ANALYZER_NUMBER_OBJECT_CONVERSION = YES_AGGRESSIVE;
				CLANG_CXX_LANGUAGE_STANDARD = "gnu++14";
				CLANG_CXX_LIBRARY = "libc++";
				CLANG_ENABLE_MODULES = YES;
				CLANG_ENABLE_OBJC_ARC = YES;
				CLANG_ENABLE_OBJC_WEAK = YES;
				CLANG_WARN_BLOCK_CAPTURE_AUTORELEASING = YES;
				CLANG_WARN_BOOL_CONVERSION = YES;
				CLANG_WARN_COMMA = YES;
				CLANG_WARN_CONSTANT_CONVERSION = YES;
				CLANG_WARN_DEPRECATED_OBJC_IMPLEMENTATIONS = YES;
				CLANG_WARN_DIRECT_OBJC_ISA_USAGE = YES_ERROR;
				CLANG_WARN_DOCUMENTATION_COMMENTS = YES;
				CLANG_WARN_EMPTY_BODY = YES;
				CLANG_WARN_ENUM_CONVERSION = YES;
				CLANG_WARN_INFINITE_RECURSION = YES;
				CLANG_WARN_INT_CONVERSION = YES;
				CLANG_WARN_NON_LITERAL_NULL_CONVERSION = YES;
				CLANG_WARN_OBJC_IMPLICIT_RETAIN_SELF = YES;
				CLANG_WARN_OBJC_LITERAL_CONVERSION = YES;
				CLANG_WARN_OBJC_ROOT_CLASS = YES_ERROR;
				CLANG_WARN_RANGE_LOOP_ANALYSIS = YES;
				CLANG_WARN_STRICT_PROTOTYPES = YES;
				CLANG_WARN_SUSPICIOUS_MOVE = YES;
				CLANG_WARN_UNGUARDED_AVAILABILITY = YES_AGGRESSIVE;
				CLANG_WARN_UNREACHABLE_CODE = YES;
				CLANG_WARN__DUPLICATE_METHOD_MATCH = YES;
				CODE_SIGN_IDENTITY = "Mac Developer";
				COPY_PHASE_STRIP = NO;
				DEBUG_INFORMATION_FORMAT = dwarf;
				ENABLE_STRICT_OBJC_MSGSEND = YES;
				ENABLE_TESTABILITY = YES;
				GCC_C_LANGUAGE_STANDARD = gnu11;
				GCC_DYNAMIC_NO_PIC = NO;
				GCC_NO_COMMON_BLOCKS = YES;
				GCC_OPTIMIZATION_LEVEL = 0;
				GCC_PREPROCESSOR_DEFINITIONS = (
					"DEBUG=1",
					"$(inherited)",
				);
				GCC_WARN_64_TO_32_BIT_CONVERSION = YES;
				GCC_WARN_ABOUT_RETURN_TYPE = YES_ERROR;
				GCC_WARN_UNDECLARED_SELECTOR = YES;
				GCC_WARN_UNINITIALIZED_AUTOS = YES_AGGRESSIVE;
				GCC_WARN_UNUSED_FUNCTION = YES;
				GCC_WARN_UNUSED_VARIABLE = YES;
				MACOSX_DEPLOYMENT_TARGET = 10.14;
				MTL_ENABLE_DEBUG_INFO = INCLUDE_SOURCE;
				MTL_FAST_MATH = YES;
				ONLY_ACTIVE_ARCH = YES;
				SDKROOT = macosx;
				SWIFT_ACTIVE_COMPILATION_CONDITIONS = DEBUG;
				SWIFT_OPTIMIZATION_LEVEL = "-Onone";
			};
			name = Debug;
		};
		F548D8A022A920D90042A134 /* Release */ = {
			isa = XCBuildConfiguration;
			buildSettings = {
				ALWAYS_SEARCH_USER_PATHS = NO;
				CLANG_ANALYZER_NONNULL = YES;
				CLANG_ANALYZER_NUMBER_OBJECT_CONVERSION = YES_AGGRESSIVE;
				CLANG_CXX_LANGUAGE_STANDARD = "gnu++14";
				CLANG_CXX_LIBRARY = "libc++";
				CLANG_ENABLE_MODULES = YES;
				CLANG_ENABLE_OBJC_ARC = YES;
				CLANG_ENABLE_OBJC_WEAK = YES;
				CLANG_WARN_BLOCK_CAPTURE_AUTORELEASING = YES;
				CLANG_WARN_BOOL_CONVERSION = YES;
				CLANG_WARN_COMMA = YES;
				CLANG_WARN_CONSTANT_CONVERSION = YES;
				CLANG_WARN_DEPRECATED_OBJC_IMPLEMENTATIONS = YES;
				CLANG_WARN_DIRECT_OBJC_ISA_USAGE = YES_ERROR;
				CLANG_WARN_DOCUMENTATION_COMMENTS = YES;
				CLANG_WARN_EMPTY_BODY = YES;
				CLANG_WARN_ENUM_CONVERSION = YES;
				CLANG_WARN_INFINITE_RECURSION = YES;
				CLANG_WARN_INT_CONVERSION = YES;
				CLANG_WARN_NON_LITERAL_NULL_CONVERSION = YES;
				CLANG_WARN_OBJC_IMPLICIT_RETAIN_SELF = YES;
				CLANG_WARN_OBJC_LITERAL_CONVERSION = YES;
				CLANG_WARN_OBJC_ROOT_CLASS = YES_ERROR;
				CLANG_WARN_RANGE_LOOP_ANALYSIS = YES;
				CLANG_WARN_STRICT_PROTOTYPES = YES;
				CLANG_WARN_SUSPICIOUS_MOVE = YES;
				CLANG_WARN_UNGUARDED_AVAILABILITY = YES_AGGRESSIVE;
				CLANG_WARN_UNREACHABLE_CODE = YES;
				CLANG_WARN__DUPLICATE_METHOD_MATCH = YES;
				CODE_SIGN_IDENTITY = "Mac Developer";
				COPY_PHASE_STRIP = NO;
				DEBUG_INFORMATION_FORMAT = "dwarf-with-dsym";
				ENABLE_NS_ASSERTIONS = NO;
				ENABLE_STRICT_OBJC_MSGSEND = YES;
				GCC_C_LANGUAGE_STANDARD = gnu11;
				GCC_NO_COMMON_BLOCKS = YES;
				GCC_WARN_64_TO_32_BIT_CONVERSION = YES;
				GCC_WARN_ABOUT_RETURN_TYPE = YES_ERROR;
				GCC_WARN_UNDECLARED_SELECTOR = YES;
				GCC_WARN_UNINITIALIZED_AUTOS = YES_AGGRESSIVE;
				GCC_WARN_UNUSED_FUNCTION = YES;
				GCC_WARN_UNUSED_VARIABLE = YES;
				MACOSX_DEPLOYMENT_TARGET = 10.14;
				MTL_ENABLE_DEBUG_INFO = NO;
				MTL_FAST_MATH = YES;
				SDKROOT = macosx;
				SWIFT_COMPILATION_MODE = wholemodule;
				SWIFT_OPTIMIZATION_LEVEL = "-O";
			};
			name = Release;
		};
		F548D8A222A920D90042A134 /* Debug */ = {
			isa = XCBuildConfiguration;
			buildSettings = {
				ASSETCATALOG_COMPILER_APPICON_NAME = AppIcon;
				CODE_SIGN_ENTITLEMENTS = "Gamedesign game/Gamedesign_game.entitlements";
				CODE_SIGN_STYLE = Automatic;
				COMBINE_HIDPI_IMAGES = YES;
				DEVELOPMENT_TEAM = UXN3XPWWY2;
				INFOPLIST_FILE = "Gamedesign game/Info.plist";
				LD_RUNPATH_SEARCH_PATHS = (
					"$(inherited)",
					"@executable_path/../Frameworks",
				);
				PRODUCT_BUNDLE_IDENTIFIER = "com.Hindrik.Stegenga.Gamedesign-game";
				PRODUCT_NAME = "$(TARGET_NAME)";
				SWIFT_VERSION = 5.0;
			};
			name = Debug;
		};
		F548D8A322A920D90042A134 /* Release */ = {
			isa = XCBuildConfiguration;
			buildSettings = {
				ASSETCATALOG_COMPILER_APPICON_NAME = AppIcon;
				CODE_SIGN_ENTITLEMENTS = "Gamedesign game/Gamedesign_game.entitlements";
				CODE_SIGN_STYLE = Automatic;
				COMBINE_HIDPI_IMAGES = YES;
				DEVELOPMENT_TEAM = UXN3XPWWY2;
				INFOPLIST_FILE = "Gamedesign game/Info.plist";
				LD_RUNPATH_SEARCH_PATHS = (
					"$(inherited)",
					"@executable_path/../Frameworks",
				);
				PRODUCT_BUNDLE_IDENTIFIER = "com.Hindrik.Stegenga.Gamedesign-game";
				PRODUCT_NAME = "$(TARGET_NAME)";
				SWIFT_VERSION = 5.0;
			};
			name = Release;
		};
/* End XCBuildConfiguration section */

/* Begin XCConfigurationList section */
		F548D88C22A920D80042A134 /* Build configuration list for PBXProject "Gamedesign game" */ = {
			isa = XCConfigurationList;
			buildConfigurations = (
				F548D89F22A920D90042A134 /* Debug */,
				F548D8A022A920D90042A134 /* Release */,
			);
			defaultConfigurationIsVisible = 0;
			defaultConfigurationName = Release;
		};
		F548D8A122A920D90042A134 /* Build configuration list for PBXNativeTarget "Gamedesign game" */ = {
			isa = XCConfigurationList;
			buildConfigurations = (
				F548D8A222A920D90042A134 /* Debug */,
				F548D8A322A920D90042A134 /* Release */,
			);
			defaultConfigurationIsVisible = 0;
			defaultConfigurationName = Release;
		};
/* End XCConfigurationList section */
	};
	rootObject = F548D88922A920D80042A134 /* Project object */;
}
